# THIS IS AN AUTOGENERATED FILE. DO NOT EDIT THIS FILE DIRECTLY.
# yarn lockfile v1


"@esbuild/android-arm64@0.16.17":
  version "0.16.17"
  resolved "https://registry.yarnpkg.com/@esbuild/android-arm64/-/android-arm64-0.16.17.tgz#cf91e86df127aa3d141744edafcba0abdc577d23"
  integrity sha512-MIGl6p5sc3RDTLLkYL1MyL8BMRN4tLMRCn+yRJJmEDvYZ2M7tmAf80hx1kbNEUX2KJ50RRtxZ4JHLvCfuB6kBg==

"@esbuild/android-arm@0.16.17":
  version "0.16.17"
  resolved "https://registry.yarnpkg.com/@esbuild/android-arm/-/android-arm-0.16.17.tgz#025b6246d3f68b7bbaa97069144fb5fb70f2fff2"
  integrity sha512-N9x1CMXVhtWEAMS7pNNONyA14f71VPQN9Cnavj1XQh6T7bskqiLLrSca4O0Vr8Wdcga943eThxnVp3JLnBMYtw==

"@esbuild/android-x64@0.16.17":
  version "0.16.17"
  resolved "https://registry.yarnpkg.com/@esbuild/android-x64/-/android-x64-0.16.17.tgz#c820e0fef982f99a85c4b8bfdd582835f04cd96e"
  integrity sha512-a3kTv3m0Ghh4z1DaFEuEDfz3OLONKuFvI4Xqczqx4BqLyuFaFkuaG4j2MtA6fuWEFeC5x9IvqnX7drmRq/fyAQ==

"@esbuild/darwin-arm64@0.16.17":
  version "0.16.17"
  resolved "https://registry.yarnpkg.com/@esbuild/darwin-arm64/-/darwin-arm64-0.16.17.tgz#edef4487af6b21afabba7be5132c26d22379b220"
  integrity sha512-/2agbUEfmxWHi9ARTX6OQ/KgXnOWfsNlTeLcoV7HSuSTv63E4DqtAc+2XqGw1KHxKMHGZgbVCZge7HXWX9Vn+w==

"@esbuild/darwin-x64@0.16.17":
  version "0.16.17"
  resolved "https://registry.yarnpkg.com/@esbuild/darwin-x64/-/darwin-x64-0.16.17.tgz#42829168730071c41ef0d028d8319eea0e2904b4"
  integrity sha512-2By45OBHulkd9Svy5IOCZt376Aa2oOkiE9QWUK9fe6Tb+WDr8hXL3dpqi+DeLiMed8tVXspzsTAvd0jUl96wmg==

"@esbuild/freebsd-arm64@0.16.17":
  version "0.16.17"
  resolved "https://registry.yarnpkg.com/@esbuild/freebsd-arm64/-/freebsd-arm64-0.16.17.tgz#1f4af488bfc7e9ced04207034d398e793b570a27"
  integrity sha512-mt+cxZe1tVx489VTb4mBAOo2aKSnJ33L9fr25JXpqQqzbUIw/yzIzi+NHwAXK2qYV1lEFp4OoVeThGjUbmWmdw==

"@esbuild/freebsd-x64@0.16.17":
  version "0.16.17"
  resolved "https://registry.yarnpkg.com/@esbuild/freebsd-x64/-/freebsd-x64-0.16.17.tgz#636306f19e9bc981e06aa1d777302dad8fddaf72"
  integrity sha512-8ScTdNJl5idAKjH8zGAsN7RuWcyHG3BAvMNpKOBaqqR7EbUhhVHOqXRdL7oZvz8WNHL2pr5+eIT5c65kA6NHug==

"@esbuild/linux-arm64@0.16.17":
  version "0.16.17"
  resolved "https://registry.yarnpkg.com/@esbuild/linux-arm64/-/linux-arm64-0.16.17.tgz#a003f7ff237c501e095d4f3a09e58fc7b25a4aca"
  integrity sha512-7S8gJnSlqKGVJunnMCrXHU9Q8Q/tQIxk/xL8BqAP64wchPCTzuM6W3Ra8cIa1HIflAvDnNOt2jaL17vaW+1V0g==

"@esbuild/linux-arm@0.16.17":
  version "0.16.17"
  resolved "https://registry.yarnpkg.com/@esbuild/linux-arm/-/linux-arm-0.16.17.tgz#b591e6a59d9c4fe0eeadd4874b157ab78cf5f196"
  integrity sha512-iihzrWbD4gIT7j3caMzKb/RsFFHCwqqbrbH9SqUSRrdXkXaygSZCZg1FybsZz57Ju7N/SHEgPyaR0LZ8Zbe9gQ==

"@esbuild/linux-ia32@0.16.17":
  version "0.16.17"
  resolved "https://registry.yarnpkg.com/@esbuild/linux-ia32/-/linux-ia32-0.16.17.tgz#24333a11027ef46a18f57019450a5188918e2a54"
  integrity sha512-kiX69+wcPAdgl3Lonh1VI7MBr16nktEvOfViszBSxygRQqSpzv7BffMKRPMFwzeJGPxcio0pdD3kYQGpqQ2SSg==

"@esbuild/linux-loong64@0.16.17":
  version "0.16.17"
  resolved "https://registry.yarnpkg.com/@esbuild/linux-loong64/-/linux-loong64-0.16.17.tgz#d5ad459d41ed42bbd4d005256b31882ec52227d8"
  integrity sha512-dTzNnQwembNDhd654cA4QhbS9uDdXC3TKqMJjgOWsC0yNCbpzfWoXdZvp0mY7HU6nzk5E0zpRGGx3qoQg8T2DQ==

"@esbuild/linux-mips64el@0.16.17":
  version "0.16.17"
  resolved "https://registry.yarnpkg.com/@esbuild/linux-mips64el/-/linux-mips64el-0.16.17.tgz#4e5967a665c38360b0a8205594377d4dcf9c3726"
  integrity sha512-ezbDkp2nDl0PfIUn0CsQ30kxfcLTlcx4Foz2kYv8qdC6ia2oX5Q3E/8m6lq84Dj/6b0FrkgD582fJMIfHhJfSw==

"@esbuild/linux-ppc64@0.16.17":
  version "0.16.17"
  resolved "https://registry.yarnpkg.com/@esbuild/linux-ppc64/-/linux-ppc64-0.16.17.tgz#206443a02eb568f9fdf0b438fbd47d26e735afc8"
  integrity sha512-dzS678gYD1lJsW73zrFhDApLVdM3cUF2MvAa1D8K8KtcSKdLBPP4zZSLy6LFZ0jYqQdQ29bjAHJDgz0rVbLB3g==

"@esbuild/linux-riscv64@0.16.17":
  version "0.16.17"
  resolved "https://registry.yarnpkg.com/@esbuild/linux-riscv64/-/linux-riscv64-0.16.17.tgz#c351e433d009bf256e798ad048152c8d76da2fc9"
  integrity sha512-ylNlVsxuFjZK8DQtNUwiMskh6nT0vI7kYl/4fZgV1llP5d6+HIeL/vmmm3jpuoo8+NuXjQVZxmKuhDApK0/cKw==

"@esbuild/linux-s390x@0.16.17":
  version "0.16.17"
  resolved "https://registry.yarnpkg.com/@esbuild/linux-s390x/-/linux-s390x-0.16.17.tgz#661f271e5d59615b84b6801d1c2123ad13d9bd87"
  integrity sha512-gzy7nUTO4UA4oZ2wAMXPNBGTzZFP7mss3aKR2hH+/4UUkCOyqmjXiKpzGrY2TlEUhbbejzXVKKGazYcQTZWA/w==

"@esbuild/linux-x64@0.16.17":
  version "0.16.17"
  resolved "https://registry.yarnpkg.com/@esbuild/linux-x64/-/linux-x64-0.16.17.tgz#e4ba18e8b149a89c982351443a377c723762b85f"
  integrity sha512-mdPjPxfnmoqhgpiEArqi4egmBAMYvaObgn4poorpUaqmvzzbvqbowRllQ+ZgzGVMGKaPkqUmPDOOFQRUFDmeUw==

"@esbuild/netbsd-x64@0.16.17":
  version "0.16.17"
  resolved "https://registry.yarnpkg.com/@esbuild/netbsd-x64/-/netbsd-x64-0.16.17.tgz#7d4f4041e30c5c07dd24ffa295c73f06038ec775"
  integrity sha512-/PzmzD/zyAeTUsduZa32bn0ORug+Jd1EGGAUJvqfeixoEISYpGnAezN6lnJoskauoai0Jrs+XSyvDhppCPoKOA==

"@esbuild/openbsd-x64@0.16.17":
  version "0.16.17"
  resolved "https://registry.yarnpkg.com/@esbuild/openbsd-x64/-/openbsd-x64-0.16.17.tgz#970fa7f8470681f3e6b1db0cc421a4af8060ec35"
  integrity sha512-2yaWJhvxGEz2RiftSk0UObqJa/b+rIAjnODJgv2GbGGpRwAfpgzyrg1WLK8rqA24mfZa9GvpjLcBBg8JHkoodg==

"@esbuild/sunos-x64@0.16.17":
  version "0.16.17"
  resolved "https://registry.yarnpkg.com/@esbuild/sunos-x64/-/sunos-x64-0.16.17.tgz#abc60e7c4abf8b89fb7a4fe69a1484132238022c"
  integrity sha512-xtVUiev38tN0R3g8VhRfN7Zl42YCJvyBhRKw1RJjwE1d2emWTVToPLNEQj/5Qxc6lVFATDiy6LjVHYhIPrLxzw==

"@esbuild/win32-arm64@0.16.17":
  version "0.16.17"
  resolved "https://registry.yarnpkg.com/@esbuild/win32-arm64/-/win32-arm64-0.16.17.tgz#7b0ff9e8c3265537a7a7b1fd9a24e7bd39fcd87a"
  integrity sha512-ga8+JqBDHY4b6fQAmOgtJJue36scANy4l/rL97W+0wYmijhxKetzZdKOJI7olaBaMhWt8Pac2McJdZLxXWUEQw==

"@esbuild/win32-ia32@0.16.17":
  version "0.16.17"
  resolved "https://registry.yarnpkg.com/@esbuild/win32-ia32/-/win32-ia32-0.16.17.tgz#e90fe5267d71a7b7567afdc403dfd198c292eb09"
  integrity sha512-WnsKaf46uSSF/sZhwnqE4L/F89AYNMiD4YtEcYekBt9Q7nj0DiId2XH2Ng2PHM54qi5oPrQ8luuzGszqi/veig==

"@esbuild/win32-x64@0.16.17":
  version "0.16.17"
  resolved "https://registry.yarnpkg.com/@esbuild/win32-x64/-/win32-x64-0.16.17.tgz#c5a1a4bfe1b57f0c3e61b29883525c6da3e5c091"
  integrity sha512-y+EHuSchhL7FjHgvQL/0fnnFmO4T1bhvWANX6gcnqTjtnKWbTvUMCpGnv2+t+31d7RzyEAYAd4u2fnIhHL6N/Q==

"@thi.ng/api@^8.7.2":
  version "8.7.2"
  resolved "https://registry.yarnpkg.com/@thi.ng/api/-/api-8.7.2.tgz#b2da422cf0856a1536dbc2c359e47807de92db51"
  integrity sha512-DyzLbm0Wk8/R9EyStXTyPBlfHum2SmYcs0RnClmwhxqX0fg2rkqLOBg10t4YiskEND0qTUuSLyTaS37RVvybew==

"@thi.ng/arrays@^2.5.4":
  version "2.5.4"
  resolved "https://registry.yarnpkg.com/@thi.ng/arrays/-/arrays-2.5.4.tgz#be53a92239f64878c94b9058db702167cb2301dd"
  integrity sha512-nUCDZDKpoHknv7U9/r3nLEBlbYtXobl1qLkP4pPxCcL9UNH3K1uXGtoIEuMPi12YklsZGgbzX6KtCG74hXEMYA==
  dependencies:
    "@thi.ng/api" "^8.7.2"
    "@thi.ng/checks" "^3.3.9"
    "@thi.ng/compare" "^2.1.25"
    "@thi.ng/equiv" "^2.1.19"
    "@thi.ng/errors" "^2.2.11"
    "@thi.ng/random" "^3.3.24"

"@thi.ng/associative@^6.2.26":
  version "6.2.26"
  resolved "https://registry.yarnpkg.com/@thi.ng/associative/-/associative-6.2.26.tgz#725e6f8654247bc4c3bb53359329f4d33374de81"
  integrity sha512-9ngHB0V6EqNwl9YLhKCDhqCmsUL9sDtuY4IEk7q5CNuzRD2MvHYe1ht4FUt+PwMiLYoOwM1arBu2cuk6KkeIrg==
  dependencies:
    "@thi.ng/api" "^8.7.2"
    "@thi.ng/arrays" "^2.5.4"
    "@thi.ng/binary" "^3.3.19"
    "@thi.ng/checks" "^3.3.9"
    "@thi.ng/compare" "^2.1.25"
    "@thi.ng/dcons" "^3.2.33"
    "@thi.ng/equiv" "^2.1.19"
    "@thi.ng/errors" "^2.2.11"
    "@thi.ng/random" "^3.3.24"
    "@thi.ng/transducers" "^8.3.33"
    tslib "^2.5.0"

"@thi.ng/atom@^5.1.31":
  version "5.1.31"
  resolved "https://registry.yarnpkg.com/@thi.ng/atom/-/atom-5.1.31.tgz#b1cf3dbe5df068435fb6964bd2ccde52e864c63d"
  integrity sha512-8zEfdN6WLfZGVgRsXGtiuE4g3kW5OR5PX0WfeoQ4QAgpdn/J0OussvrUV1b/ARfLwSlYZi98nO+N1jQRVIq1UQ==
  dependencies:
    "@thi.ng/api" "^8.7.2"
    "@thi.ng/equiv" "^2.1.19"
    "@thi.ng/errors" "^2.2.11"
    "@thi.ng/paths" "^5.1.31"
    tslib "^2.5.0"

"@thi.ng/binary@^3.3.19":
  version "3.3.19"
  resolved "https://registry.yarnpkg.com/@thi.ng/binary/-/binary-3.3.19.tgz#4a4b08e352ee1e246ca15b722873d83c14b5d81a"
  integrity sha512-HvJW5fScIp4hUEU5ksCU2w2b7YGOJ8oAPh9y5yXrYtkWqduS1FAy4sddl2893+/6rlkYHVW1veB565TWIP2M4w==
  dependencies:
    "@thi.ng/api" "^8.7.2"

"@thi.ng/checks@^3.3.9":
  version "3.3.9"
  resolved "https://registry.yarnpkg.com/@thi.ng/checks/-/checks-3.3.9.tgz#be06715e916ff7dc34193287dc8d7fd2a4cea374"
  integrity sha512-ihbfYU9xgSsUVXbRzmGDmee3cgTbPV7SOzVGE2sC99LRu6BA+Y/sqXp47qd8rpHM0bJcMvw4ywF6ZXk1jcByxA==
  dependencies:
    tslib "^2.5.0"

"@thi.ng/compare@^2.1.25":
  version "2.1.25"
  resolved "https://registry.yarnpkg.com/@thi.ng/compare/-/compare-2.1.25.tgz#7221b7e19bbadd964bec96bfb21fcf9bdd4e99c7"
  integrity sha512-aGbmTgkhZYlODeY/UFsq79q6gLQpw+XhRwPJB5yGR56ZiAALmt/e42Zi7StIPedxOBoNKWJskKOC8YmYBoufhA==
  dependencies:
    "@thi.ng/api" "^8.7.2"

"@thi.ng/compose@^2.1.27":
  version "2.1.27"
  resolved "https://registry.yarnpkg.com/@thi.ng/compose/-/compose-2.1.27.tgz#86b383ba510994a84ee74483a892c71212ba5820"
  integrity sha512-+y3hnIqoiAE3YHdSrtHhnIecsSCyO86wGQmo0GiYmIFDqYZD41mf0oMexDcBosVBKGoTZu87Rv/t1EvRpoQ27A==
  dependencies:
    "@thi.ng/api" "^8.7.2"
    "@thi.ng/errors" "^2.2.11"

"@thi.ng/csv@^2.3.2":
  version "2.3.2"
  resolved "https://registry.yarnpkg.com/@thi.ng/csv/-/csv-2.3.2.tgz#2016872a75354ba8eb4552f12710f048a9829fc8"
  integrity sha512-PGjMQb/O7aR/zu54vgVtzJJ5U/p0EGxx+8TWrlxF07e3+kZOPF/kvsHqUNrZ7AWXywkaMwPFyyyAXTV50L5zaw==
  dependencies:
    "@thi.ng/api" "^8.7.2"
    "@thi.ng/checks" "^3.3.9"
    "@thi.ng/strings" "^3.3.26"
    "@thi.ng/transducers" "^8.3.33"

"@thi.ng/dcons@^3.2.33":
  version "3.2.33"
  resolved "https://registry.yarnpkg.com/@thi.ng/dcons/-/dcons-3.2.33.tgz#5304e65c524536db51a2ffc06f5d563eddc6ea11"
  integrity sha512-2I8UVy3My3/hidr0hcd1uuo1kL0Df9CEoufO5rDtPggvCFG6g5ud9WvUC50qgpr0FQZLRM6o6KE1U7vHn86U3Q==
  dependencies:
    "@thi.ng/api" "^8.7.2"
    "@thi.ng/checks" "^3.3.9"
    "@thi.ng/compare" "^2.1.25"
    "@thi.ng/equiv" "^2.1.19"
    "@thi.ng/errors" "^2.2.11"
    "@thi.ng/random" "^3.3.24"
    "@thi.ng/transducers" "^8.3.33"

"@thi.ng/equiv@^2.1.19":
  version "2.1.19"
  resolved "https://registry.yarnpkg.com/@thi.ng/equiv/-/equiv-2.1.19.tgz#c05bd1b58d86ef3925b974bdac63d81e8ba517de"
  integrity sha512-4jaqs/V48s+r/w2QNQhIxPek3R9P2CVHnWw/FIfKRyOVs/PUIlWcaQcT57x5Cj/BtHUiDssPTw1074aVSgdFaw==

"@thi.ng/errors@^2.2.11":
  version "2.2.11"
  resolved "https://registry.yarnpkg.com/@thi.ng/errors/-/errors-2.2.11.tgz#10ec55a906e2d069a8a0a6226441d4987d64d968"
  integrity sha512-wsX2BJ4aLqI4+dbvZXjzJ4sezMuO+Vy2TORs6MzWCYMM/+qq/Fii3XCMSjXo7S89dTHBN8XR1KrwGpTAhd/A8A==

"@thi.ng/hex@^2.3.6":
  version "2.3.6"
  resolved "https://registry.yarnpkg.com/@thi.ng/hex/-/hex-2.3.6.tgz#6fbd151a47f61bd9dbc136af8626187d3bc11a3e"
  integrity sha512-X0QGUmYo2xZSt7NTLvojNApW0PB+sBgbof38f4ZFVvpdzH1FoYum1JKkPYyiUi14VBJgvjUPMJQQ2RXyRXcEWg==

"@thi.ng/hiccup@^4.2.32":
  version "4.2.32"
  resolved "https://registry.yarnpkg.com/@thi.ng/hiccup/-/hiccup-4.2.32.tgz#81cc4ba4bc4f5157f0f15936c1130033a3b3de53"
  integrity sha512-yAMXA8XWK+k2xwi2eEtSEok1MU7g2Md4UljSreOck3znqTKhcEjQRSu01QVQO6h0X0PDQfTdLatEwncB3Qpj3w==
  dependencies:
    "@thi.ng/api" "^8.7.2"
    "@thi.ng/checks" "^3.3.9"
    "@thi.ng/errors" "^2.2.11"
    "@thi.ng/strings" "^3.3.26"

"@thi.ng/logger@^1.4.9":
  version "1.4.9"
  resolved "https://registry.yarnpkg.com/@thi.ng/logger/-/logger-1.4.9.tgz#c84c1b3177c6cabea2a2fcbc41145631f4504be6"
  integrity sha512-NQobxNs65fckXefOHv+wJPYEPHehj2UskxxXqXElJJCisuNXGUKSFnTkBoW1yzmC6Hu3kQ42K2NZEq4QZHFTxQ==

"@thi.ng/math@^5.4.3":
  version "5.4.3"
  resolved "https://registry.yarnpkg.com/@thi.ng/math/-/math-5.4.3.tgz#82130a79c81780a4f007594af4e4849eee63784b"
  integrity sha512-Tpgjx7snaoDCrTAiie0haQJOmstSLV2WswUu79+VlkTG17mnH+f9YAGhowhd8EfJCPVua42FH5FlEN7L80i4KQ==
  dependencies:
    "@thi.ng/api" "^8.7.2"

"@thi.ng/memoize@^3.1.25":
  version "3.1.25"
  resolved "https://registry.yarnpkg.com/@thi.ng/memoize/-/memoize-3.1.25.tgz#67e358d166d52635936677ed2e2a29f40f99b668"
  integrity sha512-Ywv7o7Atn9N1qA6Cte4c7Bj3HF7TslPlPJs1ldoFWaBP7ZgYBFih7dmtpei6MBW2lHS/ohHGjKlQ8jWnwQI7MA==
  dependencies:
    "@thi.ng/api" "^8.7.2"

"@thi.ng/paths@^5.1.31":
  version "5.1.31"
  resolved "https://registry.yarnpkg.com/@thi.ng/paths/-/paths-5.1.31.tgz#57f69ce02e70e606fbc8232773eb86bd885a6eef"
  integrity sha512-V6TtuP3rxgs5KsmiTRBvK79p44sP3xcyxAEurtnqHIxEyqPwhlm31QQ/9xI1PNTTBJCzji8PKWbRwdH6wTWq8g==
  dependencies:
    "@thi.ng/api" "^8.7.2"
    "@thi.ng/checks" "^3.3.9"
    "@thi.ng/errors" "^2.2.11"

"@thi.ng/prefixes@^2.1.19":
  version "2.1.19"
  resolved "https://registry.yarnpkg.com/@thi.ng/prefixes/-/prefixes-2.1.19.tgz#84a4c0377c48c772605ed5cd5cce53036d47ed2c"
  integrity sha512-j0ViLfuCMU+meqkCx7EtPKAaHflKjMTkGUFgft1I1kaBmEuFv74u05j4stzXseI6eHSZo+aEEf6uj62VXv91xQ==

"@thi.ng/random@^3.3.24":
  version "3.3.24"
  resolved "https://registry.yarnpkg.com/@thi.ng/random/-/random-3.3.24.tgz#32558acc92b4e0d236b06ebbae0a91b927b75f67"
  integrity sha512-66l9r93Mj5dyBQovqzG+fXsA5F4CaVfY+YpBTdO/SsXopYQlepxH6Pjvr0kFHSug70eSXrRDfHrn11Newqq91A==
  dependencies:
    "@thi.ng/api" "^8.7.2"
    "@thi.ng/checks" "^3.3.9"
    "@thi.ng/errors" "^2.2.11"
    "@thi.ng/hex" "^2.3.6"

"@thi.ng/rdom@^0.10.9":
  version "0.10.9"
  resolved "https://registry.yarnpkg.com/@thi.ng/rdom/-/rdom-0.10.9.tgz#27edaad9c51cd26adcbd3c731ac1968e8abfcc92"
  integrity sha512-o+aUihIu7MJgY8DdDG4iSlgVBg8RP7aSNwOqakOVzXPfeUoOtgv39/M+Qr8djXUtBBQJT6YsCKkEWtPwLFDpNQ==
  dependencies:
    "@thi.ng/api" "^8.7.2"
    "@thi.ng/checks" "^3.3.9"
    "@thi.ng/errors" "^2.2.11"
    "@thi.ng/hiccup" "^4.2.32"
    "@thi.ng/paths" "^5.1.31"
    "@thi.ng/prefixes" "^2.1.19"
    "@thi.ng/rstream" "^7.2.38"
    "@thi.ng/strings" "^3.3.26"

"@thi.ng/rstream@^7.2.38":
  version "7.2.38"
  resolved "https://registry.yarnpkg.com/@thi.ng/rstream/-/rstream-7.2.38.tgz#bdfe00d8169a8f25e7bdc170315fcefa6321809f"
  integrity sha512-clJx4LJV1Fm8tR/NCAC89IrFoX78MbPQakpyOR6W5vJ3BvatJZr2k8Dbo8oeagX2bNuxNED6dIRNAMtIM9TeGg==
  dependencies:
    "@thi.ng/api" "^8.7.2"
    "@thi.ng/arrays" "^2.5.4"
    "@thi.ng/associative" "^6.2.26"
    "@thi.ng/atom" "^5.1.31"
    "@thi.ng/checks" "^3.3.9"
    "@thi.ng/errors" "^2.2.11"
    "@thi.ng/logger" "^1.4.9"
    "@thi.ng/transducers" "^8.3.33"

"@thi.ng/strings@^3.3.26":
  version "3.3.26"
  resolved "https://registry.yarnpkg.com/@thi.ng/strings/-/strings-3.3.26.tgz#fc680876ba3ed10643662322e6eddae2e4fb035d"
  integrity sha512-MmGHxYtiCPMDAJMIjZAhRMvypt7ukbnpUkH5pgz3RKQVeKBTpjyLpbavyREp4VEd6RL2xiWSVQnkrK6Ci/coOg==
  dependencies:
    "@thi.ng/api" "^8.7.2"
    "@thi.ng/errors" "^2.2.11"
    "@thi.ng/hex" "^2.3.6"
    "@thi.ng/memoize" "^3.1.25"

"@thi.ng/transducers@^8.3.33":
  version "8.3.33"
  resolved "https://registry.yarnpkg.com/@thi.ng/transducers/-/transducers-8.3.33.tgz#2785150f87cc6bba7659b8fd70e753f9494a6d83"
  integrity sha512-SnpYNhbUT5irdUvXkO6k6tUhZtpzx9MvnW+yq7qIQU9qjsxb02sMK8vY7c9+HOzk44JNt+CbHp87HK0k3+cOpw==
  dependencies:
    "@thi.ng/api" "^8.7.2"
    "@thi.ng/arrays" "^2.5.4"
    "@thi.ng/checks" "^3.3.9"
    "@thi.ng/compare" "^2.1.25"
    "@thi.ng/compose" "^2.1.27"
    "@thi.ng/errors" "^2.2.11"
    "@thi.ng/math" "^5.4.3"
    "@thi.ng/random" "^3.3.24"

esbuild@^0.16.14:
  version "0.16.17"
  resolved "https://registry.yarnpkg.com/esbuild/-/esbuild-0.16.17.tgz#fc2c3914c57ee750635fee71b89f615f25065259"
  integrity sha512-G8LEkV0XzDMNwXKgM0Jwu3nY3lSTwSGY6XbxM9cr9+s0T/qSV1q1JVPBGzm3dcjhCic9+emZDmMffkwgPeOeLg==
  optionalDependencies:
    "@esbuild/android-arm" "0.16.17"
    "@esbuild/android-arm64" "0.16.17"
    "@esbuild/android-x64" "0.16.17"
    "@esbuild/darwin-arm64" "0.16.17"
    "@esbuild/darwin-x64" "0.16.17"
    "@esbuild/freebsd-arm64" "0.16.17"
    "@esbuild/freebsd-x64" "0.16.17"
    "@esbuild/linux-arm" "0.16.17"
    "@esbuild/linux-arm64" "0.16.17"
    "@esbuild/linux-ia32" "0.16.17"
    "@esbuild/linux-loong64" "0.16.17"
    "@esbuild/linux-mips64el" "0.16.17"
    "@esbuild/linux-ppc64" "0.16.17"
    "@esbuild/linux-riscv64" "0.16.17"
    "@esbuild/linux-s390x" "0.16.17"
    "@esbuild/linux-x64" "0.16.17"
    "@esbuild/netbsd-x64" "0.16.17"
    "@esbuild/openbsd-x64" "0.16.17"
    "@esbuild/sunos-x64" "0.16.17"
    "@esbuild/win32-arm64" "0.16.17"
    "@esbuild/win32-ia32" "0.16.17"
    "@esbuild/win32-x64" "0.16.17"

fsevents@~2.3.2:
  version "2.3.2"
  resolved "https://registry.yarnpkg.com/fsevents/-/fsevents-2.3.2.tgz#8a526f78b8fdf4623b709e0b975c52c24c02fd1a"
  integrity sha512-xiqMQR4xAeHTuB9uWm+fFRcIOgKBMiOBP+eXiyT7jsgVCq1bkVygt00oASowB7EdtpOHaaPgKt812P9ab+DDKA==

function-bind@^1.1.1:
  version "1.1.1"
  resolved "https://registry.yarnpkg.com/function-bind/-/function-bind-1.1.1.tgz#a56899d3ea3c9bab874bb9773b7c5ede92f4895d"
  integrity sha512-yIovAzMX49sF8Yl58fSCWJ5svSLuaibPxXQJFLmBObTuCr0Mf1KiPopGM9NiFjiYBCbfaa2Fh6breQ6ANVTI0A==

has@^1.0.3:
  version "1.0.3"
  resolved "https://registry.yarnpkg.com/has/-/has-1.0.3.tgz#722d7cbfc1f6aa8241f16dd814e011e1f41e8796"
  integrity sha512-f2dvO0VU6Oej7RkWJGrehjbzMAjFp5/VKPp5tTpWIV4JHHZK1/BxbFRtf/siA2SWTe09caDmVtYYzWEIbBS4zw==
  dependencies:
    function-bind "^1.1.1"

is-core-module@^2.9.0:
  version "2.11.0"
  resolved "https://registry.yarnpkg.com/is-core-module/-/is-core-module-2.11.0.tgz#ad4cb3e3863e814523c96f3f58d26cc570ff0144"
  integrity sha512-RRjxlvLDkD1YJwDbroBHMb+cukurkDWNyHx7D3oNB5x9rb5ogcksMC5wHCadcXoo67gVr/+3GFySh3134zi6rw==
  dependencies:
    has "^1.0.3"

nanoid@^3.3.4:
  version "3.3.4"
  resolved "https://registry.yarnpkg.com/nanoid/-/nanoid-3.3.4.tgz#730b67e3cd09e2deacf03c027c81c9d9dbc5e8ab"
  integrity sha512-MqBkQh/OHTS2egovRtLk45wEyNXwF+cokD+1YPf9u5VfJiRdAiRwB2froX5Co9Rh20xs4siNPm8naNotSD6RBw==

path-parse@^1.0.7:
  version "1.0.7"
  resolved "https://registry.yarnpkg.com/path-parse/-/path-parse-1.0.7.tgz#fbc114b60ca42b30d9daf5858e4bd68bbedb6735"
  integrity sha512-LDJzPVEEEPR+y48z93A0Ed0yXb8pAByGWo/k5YYdYgpY2/2EsOsksJrq7lOHxryrVOn1ejG6oAp8ahvOIQD8sw==

picocolors@^1.0.0:
  version "1.0.0"
  resolved "https://registry.yarnpkg.com/picocolors/-/picocolors-1.0.0.tgz#cb5bdc74ff3f51892236eaf79d68bc44564ab81c"
  integrity sha512-1fygroTLlHu66zi26VoTDv8yRgm0Fccecssto+MhsZ0D/DGW2sm8E8AjW7NU5VVTRt5GxbeZ5qBuJr+HyLYkjQ==

postcss@^8.4.21:
  version "8.4.21"
  resolved "https://registry.yarnpkg.com/postcss/-/postcss-8.4.21.tgz#c639b719a57efc3187b13a1d765675485f4134f4"
  integrity sha512-tP7u/Sn/dVxK2NnruI4H9BG+x+Wxz6oeZ1cJ8P6G/PZY0IKk4k/63TDsQf2kQq3+qoJeLm2kIBUNlZe3zgb4Zg==
  dependencies:
    nanoid "^3.3.4"
    picocolors "^1.0.0"
    source-map-js "^1.0.2"

resolve@^1.22.1:
  version "1.22.1"
  resolved "https://registry.yarnpkg.com/resolve/-/resolve-1.22.1.tgz#27cb2ebb53f91abb49470a928bba7558066ac177"
  integrity sha512-nBpuuYuY5jFsli/JIs1oldw6fOQCBioohqWZg/2hiaOybXOft4lonv85uDOKXdf8rhyK159cxU5cDcK/NKk8zw==
  dependencies:
    is-core-module "^2.9.0"
    path-parse "^1.0.7"
    supports-preserve-symlinks-flag "^1.0.0"

rollup@^3.10.0:
  version "3.15.0"
  resolved "https://registry.yarnpkg.com/rollup/-/rollup-3.15.0.tgz#6f4105e8c4b8145229657b74ad660b02fbfacc05"
  integrity sha512-F9hrCAhnp5/zx/7HYmftvsNBkMfLfk/dXUh73hPSM2E3CRgap65orDNJbLetoiUFwSAk6iHPLvBrZ5iHYvzqsg==
  optionalDependencies:
    fsevents "~2.3.2"

source-map-js@^1.0.2:
  version "1.0.2"
  resolved "https://registry.yarnpkg.com/source-map-js/-/source-map-js-1.0.2.tgz#adbc361d9c62df380125e7f161f71c826f1e490c"
  integrity sha512-R0XvVJ9WusLiqTCEiGCmICCMplcCkIwwR11mOSD9CR5u+IXYdiseeEuXCVAjS54zqwkLcPNnmU4OeJ6tUrWhDw==

supports-preserve-symlinks-flag@^1.0.0:
  version "1.0.0"
  resolved "https://registry.yarnpkg.com/supports-preserve-symlinks-flag/-/supports-preserve-symlinks-flag-1.0.0.tgz#6eda4bd344a3c94aea376d4cc31bc77311039e09"
  integrity sha512-ot0WnXS9fgdkgIcePe6RHNk1WA8+muPa6cSjeR3V8K27q9BB1rTE3R1p7Hv0z1ZyAc8s6Vvv8DIyWf681MAt0w==

tslib@^2.5.0:
  version "2.5.0"
  resolved "https://registry.yarnpkg.com/tslib/-/tslib-2.5.0.tgz#42bfed86f5787aeb41d031866c8f402429e0fddf"
  integrity sha512-336iVw3rtn2BUK7ORdIAHTyxHGRIHVReokCR3XjbckJMK7ms8FysBfhLR8IXnAgy7T0PTPNBWKiH514FOW/WSg==

typescript@^4.9.5:
  version "4.9.5"
  resolved "https://registry.yarnpkg.com/typescript/-/typescript-4.9.5.tgz#095979f9bcc0d09da324d58d03ce8f8374cbe65a"
  integrity sha512-1FXk9E2Hm+QzZQ7z+McJiHL4NW1F2EzMu9Nq9i3zAaGqibafqYwCVU6WyWAuyQRRzOlxou8xZSyXLEN8oKj24g==

vite@^4.1.1:
  version "4.1.1"
  resolved "https://registry.yarnpkg.com/vite/-/vite-4.1.1.tgz#3b18b81a4e85ce3df5cbdbf4c687d93ebf402e6b"
  integrity sha512-LM9WWea8vsxhr782r9ntg+bhSFS06FJgCvvB0+8hf8UWtvaiDagKYWXndjfX6kGl74keHJUcpzrQliDXZlF5yg==
  dependencies:
    esbuild "^0.16.14"
    postcss "^8.4.21"
    resolve "^1.22.1"
    rollup "^3.10.0"
  optionalDependencies:
    fsevents "~2.3.2"
